
Microsoft Visual Studio Solution File, Format Version 12.00
# Visual Studio Version 16
VisualStudioVersion = 16.0.33423.256
MinimumVisualStudioVersion = 10.0.40219.1
Project("{FAE04EC0-301F-11D3-BF4B-00C04F79EFBC}") = "Bai2_GiaiPhuongTrinhBac1", "Bai2_GiaiPhuongTrinhBac1\Bai2_GiaiPhuongTrinhBac1.csproj", "{E327D107-01F5-40F0-81A3-DA3BAA358DDA}"
EndProject
Global
	GlobalSection(SolutionConfigurationPlatforms) = preSolution
		Debug|Any CPU = Debug|Any CPU
		Release|Any CPU = Release|Any CPU
	EndGlobalSection
	GlobalSection(ProjectConfigurationPlatforms) = postSolution
		{E327D107-01F5-40F0-81A3-DA3BAA358DDA}.Debug|Any CPU.ActiveCfg = Debug|Any CPU
		{E327D107-01F5-40F0-81A3-DA3BAA358DDA}.Debug|Any CPU.Build.0 = Debug|Any CPU
		{E327D107-01F5-40F0-81A3-DA3BAA358DDA}.Release|Any CPU.ActiveCfg = Release|Any CPU
		{E327D107-01F5-40F0-81A3-DA3BAA358DDA}.Release|Any CPU.Build.0 = Release|Any CPU
	EndGlobalSection
	GlobalSection(SolutionProperties) = preSolution
		HideSolutionNode = FALSE
	EndGlobalSection
	GlobalSection(ExtensibilityGlobals) = postSolution
		SolutionGuid = {20012AB9-5F04-4B31-8C98-2BB70F1D944B}
	EndGlobalSection
EndGlobal
